Microsoft Visual Studio Solution File, Format Version 12.00
# Visual Studio Version 16
VisualStudioVersion = 16.0.30503.244
MinimumVisualStudioVersion = 10.0.40219.1
Project("{9A19103F-16F7-4668-BE54-9A1E7A4F7556}") = "ComposerExample", "ComposerExample.csproj", "{09A5BF8D-8FC4-404C-B77E-87B7C93EAC9D}"
EndProject
Project("{9A19103F-16F7-4668-BE54-9A1E7A4F7556}") = "ACSConnector", "..\ACSConnector\ACSConnector.csproj", "{0844E3C6-A4FB-4BC9-98EB-404008A981BD}"
EndProject
Global
	GlobalSection(SolutionConfigurationPlatforms) = preSolution
		Debug|Any CPU = Debug|Any CPU
		Release|Any CPU = Release|Any CPU
	EndGlobalSection
	GlobalSection(ProjectConfigurationPlatforms) = postSolution
		{09A5BF8D-8FC4-404C-B77E-87B7C93EAC9D}.Debug|Any CPU.ActiveCfg = Debug|Any CPU
		{09A5BF8D-8FC4-404C-B77E-87B7C93EAC9D}.Debug|Any CPU.Build.0 = Debug|Any CPU
		{09A5BF8D-8FC4-404C-B77E-87B7C93EAC9D}.Release|Any CPU.ActiveCfg = Release|Any CPU
		{09A5BF8D-8FC4-404C-B77E-87B7C93EAC9D}.Release|Any CPU.Build.0 = Release|Any CPU
		{0844E3C6-A4FB-4BC9-98EB-404008A981BD}.Debug|Any CPU.ActiveCfg = Debug|Any CPU
		{0844E3C6-A4FB-4BC9-98EB-404008A981BD}.Debug|Any CPU.Build.0 = Debug|Any CPU
		{0844E3C6-A4FB-4BC9-98EB-404008A981BD}.Release|Any CPU.ActiveCfg = Release|Any CPU
		{0844E3C6-A4FB-4BC9-98EB-404008A981BD}.Release|Any CPU.Build.0 = Release|Any CPU
	EndGlobalSection
	GlobalSection(SolutionProperties) = preSolution
		HideSolutionNode = FALSE
	EndGlobalSection
	GlobalSection(ExtensibilityGlobals) = postSolution
		SolutionGuid = {8B65BAF9-15BF-4DF8-B5AD-4AC22587CD61}
	EndGlobalSection
EndGlobal
